// !$*UTF8*$!
{
	archiveVersion = 1;
	classes = {
	};
	objectVersion = 50;
	objects = {

/* Begin PBXBuildFile section */
		B592C73424BC7CBD00480581 /* AppDelegate.swift in Sources */ = {isa = PBXBuildFile; fileRef = B592C73324BC7CBD00480581 /* AppDelegate.swift */; };
		B592C73624BC7CBD00480581 /* SceneDelegate.swift in Sources */ = {isa = PBXBuildFile; fileRef = B592C73524BC7CBD00480581 /* SceneDelegate.swift */; };
		B592C73824BC7CBD00480581 /* ViewController.swift in Sources */ = {isa = PBXBuildFile; fileRef = B592C73724BC7CBD00480581 /* ViewController.swift */; };
		B592C73B24BC7CBD00480581 /* Main.storyboard in Resources */ = {isa = PBXBuildFile; fileRef = B592C73924BC7CBD00480581 /* Main.storyboard */; };
		B592C73D24BC7CC000480581 /* Assets.xcassets in Resources */ = {isa = PBXBuildFile; fileRef = B592C73C24BC7CC000480581 /* Assets.xcassets */; };
		B592C74024BC7CC000480581 /* LaunchScreen.storyboard in Resources */ = {isa = PBXBuildFile; fileRef = B592C73E24BC7CC000480581 /* LaunchScreen.storyboard */; };
		B592C74C24BC7F4900480581 /* Sign.swift in Sources */ = {isa = PBXBuildFile; fileRef = B592C74B24BC7F4900480581 /* Sign.swift */; };
		B592C75024BC818300480581 /* GameStates.swift in Sources */ = {isa = PBXBuildFile; fileRef = B592C74F24BC818300480581 /* GameStates.swift */; };
		B592C75424BC958700480581 /* GameProcess.swift in Sources */ = {isa = PBXBuildFile; fileRef = B592C75324BC958700480581 /* GameProcess.swift */; };
/* End PBXBuildFile section */

/* Begin PBXFileReference section */
		B592C73024BC7CBD00480581 /* Rock, paper, scissors.app */ = {isa = PBXFileReference; explicitFileType = wrapper.application; includeInIndex = 0; path = "Rock, paper, scissors.app"; sourceTree = BUILT_PRODUCTS_DIR; };
		B592C73324BC7CBD00480581 /* AppDelegate.swift */ = {isa = PBXFileReference; lastKnownFileType = sourcecode.swift; path = AppDelegate.swift; sourceTree = "<group>"; };
		B592C73524BC7CBD00480581 /* SceneDelegate.swift */ = {isa = PBXFileReference; lastKnownFileType = sourcecode.swift; path = SceneDelegate.swift; sourceTree = "<group>"; };
		B592C73724BC7CBD00480581 /* ViewController.swift */ = {isa = PBXFileReference; lastKnownFileType = sourcecode.swift; path = ViewController.swift; sourceTree = "<group>"; };
		B592C73A24BC7CBD00480581 /* Base */ = {isa = PBXFileReference; lastKnownFileType = file.storyboard; name = Base; path = Base.lproj/Main.storyboard; sourceTree = "<group>"; };
		B592C73C24BC7CC000480581 /* Assets.xcassets */ = {isa = PBXFileReference; lastKnownFileType = folder.assetcatalog; path = Assets.xcassets; sourceTree = "<group>"; };
		B592C73F24BC7CC000480581 /* Base */ = {isa = PBXFileReference; lastKnownFileType = file.storyboard; name = Base; path = Base.lproj/LaunchScreen.storyboard; sourceTree = "<group>"; };
		B592C74124BC7CC000480581 /* Info.plist */ = {isa = PBXFileReference; lastKnownFileType = text.plist.xml; path = Info.plist; sourceTree = "<group>"; };
		B592C74724BC7CC800480581 /* Rock, paper, scissors.entitlements */ = {isa = PBXFileReference; lastKnownFileType = text.plist.entitlements; path = "Rock, paper, scissors.entitlements"; sourceTree = "<group>"; };
		B592C74B24BC7F4900480581 /* Sign.swift */ = {isa = PBXFileReference; lastKnownFileType = sourcecode.swift; path = Sign.swift; sourceTree = "<group>"; };
		B592C74F24BC818300480581 /* GameStates.swift */ = {isa = PBXFileReference; lastKnownFileType = sourcecode.swift; path = GameStates.swift; sourceTree = "<group>"; };
		B592C75324BC958700480581 /* GameProcess.swift */ = {isa = PBXFileReference; lastKnownFileType = sourcecode.swift; path = GameProcess.swift; sourceTree = "<group>"; };
/* End PBXFileReference section */

/* Begin PBXFrameworksBuildPhase section */
		B592C72D24BC7CBD00480581 /* Frameworks */ = {
			isa = PBXFrameworksBuildPhase;
			buildActionMask = 2147483647;
			files = (
			);
			runOnlyForDeploymentPostprocessing = 0;
		};
/* End PBXFrameworksBuildPhase section */

/* Begin PBXGroup section */
		B592C72724BC7CBD00480581 = {
			isa = PBXGroup;
			children = (
				B592C73224BC7CBD00480581 /* Rock, paper, scissors */,
				B592C73124BC7CBD00480581 /* Products */,
			);
			sourceTree = "<group>";
		};
		B592C73124BC7CBD00480581 /* Products */ = {
			isa = PBXGroup;
			children = (
				B592C73024BC7CBD00480581 /* Rock, paper, scissors.app */,
			);
			name = Products;
			sourceTree = "<group>";
		};
		B592C73224BC7CBD00480581 /* Rock, paper, scissors */ = {
			isa = PBXGroup;
			children = (
				B592C74824BC7CF300480581 /* Model */,
				B592C74924BC7CFA00480581 /* View */,
				B592C74A24BC7CFE00480581 /* Controller */,
				B592C74724BC7CC800480581 /* Rock, paper, scissors.entitlements */,
				B592C73324BC7CBD00480581 /* AppDelegate.swift */,
				B592C73524BC7CBD00480581 /* SceneDelegate.swift */,
				B592C73C24BC7CC000480581 /* Assets.xcassets */,
				B592C74124BC7CC000480581 /* Info.plist */,
			);
			path = "Rock, paper, scissors";
			sourceTree = "<group>";
		};
		B592C74824BC7CF300480581 /* Model */ = {
			isa = PBXGroup;
			children = (
				B592C74B24BC7F4900480581 /* Sign.swift */,
				B592C75324BC958700480581 /* GameProcess.swift */,
				B592C74F24BC818300480581 /* GameStates.swift */,
			);
			path = Model;
			sourceTree = "<group>";
		};
		B592C74924BC7CFA00480581 /* View */ = {
			isa = PBXGroup;
			children = (
				B592C73924BC7CBD00480581 /* Main.storyboard */,
				B592C73E24BC7CC000480581 /* LaunchScreen.storyboard */,
			);
			path = View;
			sourceTree = "<group>";
		};
		B592C74A24BC7CFE00480581 /* Controller */ = {
			isa = PBXGroup;
			children = (
				B592C73724BC7CBD00480581 /* ViewController.swift */,
			);
			path = Controller;
			sourceTree = "<group>";
		};
/* End PBXGroup section */

/* Begin PBXNativeTarget section */
		B592C72F24BC7CBD00480581 /* Rock, paper, scissors */ = {
			isa = PBXNativeTarget;
			buildConfigurationList = B592C74424BC7CC000480581 /* Build configuration list for PBXNativeTarget "Rock, paper, scissors" */;
			buildPhases = (
				B592C72C24BC7CBD00480581 /* Sources */,
				B592C72D24BC7CBD00480581 /* Frameworks */,
				B592C72E24BC7CBD00480581 /* Resources */,
			);
			buildRules = (
			);
			dependencies = (
			);
			name = "Rock, paper, scissors";
			productName = "Rock, paper, scissors";
			productReference = B592C73024BC7CBD00480581 /* Rock, paper, scissors.app */;
			productType = "com.apple.product-type.application";
		};
/* End PBXNativeTarget section */

/* Begin PBXProject section */
		B592C72824BC7CBD00480581 /* Project object */ = {
			isa = PBXProject;
			attributes = {
				LastSwiftUpdateCheck = 1150;
				LastUpgradeCheck = 1150;
				ORGANIZATIONNAME = "Константин Стародубцев";
				TargetAttributes = {
					B592C72F24BC7CBD00480581 = {
						CreatedOnToolsVersion = 11.5;
					};
				};
			};
			buildConfigurationList = B592C72B24BC7CBD00480581 /* Build configuration list for PBXProject "Rock, paper, scissors" */;
			compatibilityVersion = "Xcode 9.3";
			developmentRegion = en;
			hasScannedForEncodings = 0;
			knownRegions = (
				en,
				Base,
			);
			mainGroup = B592C72724BC7CBD00480581;
			productRefGroup = B592C73124BC7CBD00480581 /* Products */;
			projectDirPath = "";
			projectRoot = "";
			targets = (
				B592C72F24BC7CBD00480581 /* Rock, paper, scissors */,
			);
		};
/* End PBXProject section */

/* Begin PBXResourcesBuildPhase section */
		B592C72E24BC7CBD00480581 /* Resources */ = {
			isa = PBXResourcesBuildPhase;
			buildActionMask = 2147483647;
			files = (
				B592C74024BC7CC000480581 /* LaunchScreen.storyboard in Resources */,
				B592C73D24BC7CC000480581 /* Assets.xcassets in Resources */,
				B592C73B24BC7CBD00480581 /* Main.storyboard in Resources */,
			);
			runOnlyForDeploymentPostprocessing = 0;
		};
/* End PBXResourcesBuildPhase section */

/* Begin PBXSourcesBuildPhase section */
		B592C72C24BC7CBD00480581 /* Sources */ = {
			isa = PBXSourcesBuildPhase;
			buildActionMask = 2147483647;
			files = (
				B592C73824BC7CBD00480581 /* ViewController.swift in Sources */,
				B592C73424BC7CBD00480581 /* AppDelegate.swift in Sources */,
				B592C75024BC818300480581 /* GameStates.swift in Sources */,
				B592C75424BC958700480581 /* GameProcess.swift in Sources */,
				B592C74C24BC7F4900480581 /* Sign.swift in Sources */,
				B592C73624BC7CBD00480581 /* SceneDelegate.swift in Sources */,
			);
			runOnlyForDeploymentPostprocessing = 0;
		};
/* End PBXSourcesBuildPhase section */

/* Begin PBXVariantGroup section */
		B592C73924BC7CBD00480581 /* Main.storyboard */ = {
			isa = PBXVariantGroup;
			children = (
				B592C73A24BC7CBD00480581 /* Base */,
			);
			name = Main.storyboard;
			sourceTree = "<group>";
		};
		B592C73E24BC7CC000480581 /* LaunchScreen.storyboard */ = {
			isa = PBXVariantGroup;
			children = (
				B592C73F24BC7CC000480581 /* Base */,
			);
			name = LaunchScreen.storyboard;
			sourceTree = "<group>";
		};
/* End PBXVariantGroup section */

/* Begin XCBuildConfiguration section */
		B592C74224BC7CC000480581 /* Debug */ = {
			isa = XCBuildConfiguration;
			buildSettings = {
				ALWAYS_SEARCH_USER_PATHS = NO;
				CLANG_ANALYZER_NONNULL = YES;
				CLANG_ANALYZER_NUMBER_OBJECT_CONVERSION = YES_AGGRESSIVE;
				CLANG_CXX_LANGUAGE_STANDARD = "gnu++14";
				CLANG_CXX_LIBRARY = "libc++";
				CLANG_ENABLE_MODULES = YES;
				CLANG_ENABLE_OBJC_ARC = YES;
				CLANG_ENABLE_OBJC_WEAK = YES;
				CLANG_WARN_BLOCK_CAPTURE_AUTORELEASING = YES;
				CLANG_WARN_BOOL_CONVERSION = YES;
				CLANG_WARN_COMMA = YES;
				CLANG_WARN_CONSTANT_CONVERSION = YES;
				CLANG_WARN_DEPRECATED_OBJC_IMPLEMENTATIONS = YES;
				CLANG_WARN_DIRECT_OBJC_ISA_USAGE = YES_ERROR;
				CLANG_WARN_DOCUMENTATION_COMMENTS = YES;
				CLANG_WARN_EMPTY_BODY = YES;
				CLANG_WARN_ENUM_CONVERSION = YES;
				CLANG_WARN_INFINITE_RECURSION = YES;
				CLANG_WARN_INT_CONVERSION = YES;
				CLANG_WARN_NON_LITERAL_NULL_CONVERSION = YES;
				CLANG_WARN_OBJC_IMPLICIT_RETAIN_SELF = YES;
				CLANG_WARN_OBJC_LITERAL_CONVERSION = YES;
				CLANG_WARN_OBJC_ROOT_CLASS = YES_ERROR;
				CLANG_WARN_RANGE_LOOP_ANALYSIS = YES;
				CLANG_WARN_STRICT_PROTOTYPES = YES;
				CLANG_WARN_SUSPICIOUS_MOVE = YES;
				CLANG_WARN_UNGUARDED_AVAILABILITY = YES_AGGRESSIVE;
				CLANG_WARN_UNREACHABLE_CODE = YES;
				CLANG_WARN__DUPLICATE_METHOD_MATCH = YES;
				COPY_PHASE_STRIP = NO;
				DEBUG_INFORMATION_FORMAT = dwarf;
				ENABLE_STRICT_OBJC_MSGSEND = YES;
				ENABLE_TESTABILITY = YES;
				GCC_C_LANGUAGE_STANDARD = gnu11;
				GCC_DYNAMIC_NO_PIC = NO;
				GCC_NO_COMMON_BLOCKS = YES;
				GCC_OPTIMIZATION_LEVEL = 0;
				GCC_PREPROCESSOR_DEFINITIONS = (
					"DEBUG=1",
					"$(inherited)",
				);
				GCC_WARN_64_TO_32_BIT_CONVERSION = YES;
				GCC_WARN_ABOUT_RETURN_TYPE = YES_ERROR;
				GCC_WARN_UNDECLARED_SELECTOR = YES;
				GCC_WARN_UNINITIALIZED_AUTOS = YES_AGGRESSIVE;
				GCC_WARN_UNUSED_FUNCTION = YES;
				GCC_WARN_UNUSED_VARIABLE = YES;
				IPHONEOS_DEPLOYMENT_TARGET = 13.5;
				MTL_ENABLE_DEBUG_INFO = INCLUDE_SOURCE;
				MTL_FAST_MATH = YES;
				ONLY_ACTIVE_ARCH = YES;
				SDKROOT = iphoneos;
				SWIFT_ACTIVE_COMPILATION_CONDITIONS = DEBUG;
				SWIFT_OPTIMIZATION_LEVEL = "-Onone";
			};
			name = Debug;
		};
		B592C74324BC7CC000480581 /* Release */ = {
			isa = XCBuildConfiguration;
			buildSettings = {
				ALWAYS_SEARCH_USER_PATHS = NO;
				CLANG_ANALYZER_NONNULL = YES;
				CLANG_ANALYZER_NUMBER_OBJECT_CONVERSION = YES_AGGRESSIVE;
				CLANG_CXX_LANGUAGE_STANDARD = "gnu++14";
				CLANG_CXX_LIBRARY = "libc++";
				CLANG_ENABLE_MODULES = YES;
				CLANG_ENABLE_OBJC_ARC = YES;
				CLANG_ENABLE_OBJC_WEAK = YES;
				CLANG_WARN_BLOCK_CAPTURE_AUTORELEASING = YES;
				CLANG_WARN_BOOL_CONVERSION = YES;
				CLANG_WARN_COMMA = YES;
				CLANG_WARN_CONSTANT_CONVERSION = YES;
				CLANG_WARN_DEPRECATED_OBJC_IMPLEMENTATIONS = YES;
				CLANG_WARN_DIRECT_OBJC_ISA_USAGE = YES_ERROR;
				CLANG_WARN_DOCUMENTATION_COMMENTS = YES;
				CLANG_WARN_EMPTY_BODY = YES;
				CLANG_WARN_ENUM_CONVERSION = YES;
				CLANG_WARN_INFINITE_RECURSION = YES;
				CLANG_WARN_INT_CONVERSION = YES;
				CLANG_WARN_NON_LITERAL_NULL_CONVERSION = YES;
				CLANG_WARN_OBJC_IMPLICIT_RETAIN_SELF = YES;
				CLANG_WARN_OBJC_LITERAL_CONVERSION = YES;
				CLANG_WARN_OBJC_ROOT_CLASS = YES_ERROR;
				CLANG_WARN_RANGE_LOOP_ANALYSIS = YES;
				CLANG_WARN_STRICT_PROTOTYPES = YES;
				CLANG_WARN_SUSPICIOUS_MOVE = YES;
				CLANG_WARN_UNGUARDED_AVAILABILITY = YES_AGGRESSIVE;
				CLANG_WARN_UNREACHABLE_CODE = YES;
				CLANG_WARN__DUPLICATE_METHOD_MATCH = YES;
				COPY_PHASE_STRIP = NO;
				DEBUG_INFORMATION_FORMAT = "dwarf-with-dsym";
				ENABLE_NS_ASSERTIONS = NO;
				ENABLE_STRICT_OBJC_MSGSEND = YES;
				GCC_C_LANGUAGE_STANDARD = gnu11;
				GCC_NO_COMMON_BLOCKS = YES;
				GCC_WARN_64_TO_32_BIT_CONVERSION = YES;
				GCC_WARN_ABOUT_RETURN_TYPE = YES_ERROR;
				GCC_WARN_UNDECLARED_SELECTOR = YES;
				GCC_WARN_UNINITIALIZED_AUTOS = YES_AGGRESSIVE;
				GCC_WARN_UNUSED_FUNCTION = YES;
				GCC_WARN_UNUSED_VARIABLE = YES;
				IPHONEOS_DEPLOYMENT_TARGET = 13.5;
				MTL_ENABLE_DEBUG_INFO = NO;
				MTL_FAST_MATH = YES;
				SDKROOT = iphoneos;
				SWIFT_COMPILATION_MODE = wholemodule;
				SWIFT_OPTIMIZATION_LEVEL = "-O";
				VALIDATE_PRODUCT = YES;
			};
			name = Release;
		};
		B592C74524BC7CC000480581 /* Debug */ = {
			isa = XCBuildConfiguration;
			buildSettings = {
				ASSETCATALOG_COMPILER_APPICON_NAME = AppIcon;
				CODE_SIGN_ENTITLEMENTS = "Rock, paper, scissors/Rock, paper, scissors.entitlements";
				CODE_SIGN_STYLE = Automatic;
				DEVELOPMENT_TEAM = JUZY3KJRDX;
				INFOPLIST_FILE = "Rock, paper, scissors/Info.plist";
				LD_RUNPATH_SEARCH_PATHS = (
					"$(inherited)",
					"@executable_path/Frameworks",
				);
				PRODUCT_BUNDLE_IDENTIFIER = "Starodubtsev.Rock--paper--scissors";
				PRODUCT_NAME = "$(TARGET_NAME)";
				SUPPORTS_MACCATALYST = NO;
				SWIFT_VERSION = 5.0;
				TARGETED_DEVICE_FAMILY = "1,2";
			};
			name = Debug;
		};
		B592C74624BC7CC000480581 /* Release */ = {
			isa = XCBuildConfiguration;
			buildSettings = {
				ASSETCATALOG_COMPILER_APPICON_NAME = AppIcon;
				CODE_SIGN_ENTITLEMENTS = "Rock, paper, scissors/Rock, paper, scissors.entitlements";
				CODE_SIGN_STYLE = Automatic;
				DEVELOPMENT_TEAM = JUZY3KJRDX;
				INFOPLIST_FILE = "Rock, paper, scissors/Info.plist";
				LD_RUNPATH_SEARCH_PATHS = (
					"$(inherited)",
					"@executable_path/Frameworks",
				);
				PRODUCT_BUNDLE_IDENTIFIER = "Starodubtsev.Rock--paper--scissors";
				PRODUCT_NAME = "$(TARGET_NAME)";
				SUPPORTS_MACCATALYST = NO;
				SWIFT_VERSION = 5.0;
				TARGETED_DEVICE_FAMILY = "1,2";
			};
			name = Release;
		};
/* End XCBuildConfiguration section */

/* Begin XCConfigurationList section */
		B592C72B24BC7CBD00480581 /* Build configuration list for PBXProject "Rock, paper, scissors" */ = {
			isa = XCConfigurationList;
			buildConfigurations = (
				B592C74224BC7CC000480581 /* Debug */,
				B592C74324BC7CC000480581 /* Release */,
			);
			defaultConfigurationIsVisible = 0;
			defaultConfigurationName = Release;
		};
		B592C74424BC7CC000480581 /* Build configuration list for PBXNativeTarget "Rock, paper, scissors" */ = {
			isa = XCConfigurationList;
			buildConfigurations = (
				B592C74524BC7CC000480581 /* Debug */,
				B592C74624BC7CC000480581 /* Release */,
			);
			defaultConfigurationIsVisible = 0;
			defaultConfigurationName = Release;
		};
/* End XCConfigurationList section */
	};
	rootObject = B592C72824BC7CBD00480581 /* Project object */;
}
